
Microsoft Visual Studio Solution File, Format Version 11.00
# Visual Studio 2010
Project("{FAE04EC0-301F-11D3-BF4B-00C04F79EFBC}") = "Currencyv0.03", "Assembly-CSharp.csproj", "{DAD8433A-A96B-BE93-E4CB-928AC52D2BEE}"
EndProject
Global
	GlobalSection(SolutionConfigurationPlatforms) = preSolution
		Debug|Any CPU = Debug|Any CPU
		Release|Any CPU = Release|Any CPU
	EndGlobalSection
	GlobalSection(ProjectConfigurationPlatforms) = postSolution
		{DAD8433A-A96B-BE93-E4CB-928AC52D2BEE}.Debug|Any CPU.ActiveCfg = Debug|Any CPU
		{DAD8433A-A96B-BE93-E4CB-928AC52D2BEE}.Debug|Any CPU.Build.0 = Debug|Any CPU
		{DAD8433A-A96B-BE93-E4CB-928AC52D2BEE}.Release|Any CPU.ActiveCfg = Release|Any CPU
		{DAD8433A-A96B-BE93-E4CB-928AC52D2BEE}.Release|Any CPU.Build.0 = Release|Any CPU
	EndGlobalSection
	GlobalSection(SolutionProperties) = preSolution
		HideSolutionNode = FALSE
	EndGlobalSection
	GlobalSection(MonoDevelopProperties) = preSolution
		StartupItem = Assembly-CSharp.csproj
	EndGlobalSection
EndGlobal
